
Microsoft Visual Studio Solution File, Format Version 12.00
# Visual Studio Version 17
VisualStudioVersion = 17.0.31903.59
MinimumVisualStudioVersion = 10.0.40219.1
Project("{FAE04EC0-301F-11D3-BF4B-00C04F79EFBC}") = "Api", "Api\Api.csproj", "{C88F8FC6-55E5-4A62-AF76-6CE0333D77B3}"
EndProject
Project("{FAE04EC0-301F-11D3-BF4B-00C04F79EFBC}") = "Application", "Application\Application.csproj", "{DC16289A-64DD-419E-A681-1583CFE8E79D}"
EndProject
Project("{FAE04EC0-301F-11D3-BF4B-00C04F79EFBC}") = "Domain", "Domain\Domain.csproj", "{1C36B9A9-DBBF-4376-AE5A-D3096E27D821}"
EndProject
Project("{FAE04EC0-301F-11D3-BF4B-00C04F79EFBC}") = "Infrastructure", "Infrastructure\Infrastructure.csproj", "{92F80746-1EED-4F4D-90E6-CFDA1CD5F25A}"
EndProject
Project("{FAE04EC0-301F-11D3-BF4B-00C04F79EFBC}") = "Test", "Test\Test.csproj", "{36AA4144-9478-4F73-8B54-22C88239256B}"
EndProject
Global
	GlobalSection(SolutionConfigurationPlatforms) = preSolution
		Debug|Any CPU = Debug|Any CPU
		Release|Any CPU = Release|Any CPU
	EndGlobalSection
	GlobalSection(ProjectConfigurationPlatforms) = postSolution
		{C88F8FC6-55E5-4A62-AF76-6CE0333D77B3}.Debug|Any CPU.ActiveCfg = Debug|Any CPU
		{C88F8FC6-55E5-4A62-AF76-6CE0333D77B3}.Debug|Any CPU.Build.0 = Debug|Any CPU
		{C88F8FC6-55E5-4A62-AF76-6CE0333D77B3}.Release|Any CPU.ActiveCfg = Release|Any CPU
		{C88F8FC6-55E5-4A62-AF76-6CE0333D77B3}.Release|Any CPU.Build.0 = Release|Any CPU
		{DC16289A-64DD-419E-A681-1583CFE8E79D}.Debug|Any CPU.ActiveCfg = Debug|Any CPU
		{DC16289A-64DD-419E-A681-1583CFE8E79D}.Debug|Any CPU.Build.0 = Debug|Any CPU
		{DC16289A-64DD-419E-A681-1583CFE8E79D}.Release|Any CPU.ActiveCfg = Release|Any CPU
		{DC16289A-64DD-419E-A681-1583CFE8E79D}.Release|Any CPU.Build.0 = Release|Any CPU
		{1C36B9A9-DBBF-4376-AE5A-D3096E27D821}.Debug|Any CPU.ActiveCfg = Debug|Any CPU
		{1C36B9A9-DBBF-4376-AE5A-D3096E27D821}.Debug|Any CPU.Build.0 = Debug|Any CPU
		{1C36B9A9-DBBF-4376-AE5A-D3096E27D821}.Release|Any CPU.ActiveCfg = Release|Any CPU
		{1C36B9A9-DBBF-4376-AE5A-D3096E27D821}.Release|Any CPU.Build.0 = Release|Any CPU
		{92F80746-1EED-4F4D-90E6-CFDA1CD5F25A}.Debug|Any CPU.ActiveCfg = Debug|Any CPU
		{92F80746-1EED-4F4D-90E6-CFDA1CD5F25A}.Debug|Any CPU.Build.0 = Debug|Any CPU
		{92F80746-1EED-4F4D-90E6-CFDA1CD5F25A}.Release|Any CPU.ActiveCfg = Release|Any CPU
		{92F80746-1EED-4F4D-90E6-CFDA1CD5F25A}.Release|Any CPU.Build.0 = Release|Any CPU
		{36AA4144-9478-4F73-8B54-22C88239256B}.Debug|Any CPU.ActiveCfg = Debug|Any CPU
		{36AA4144-9478-4F73-8B54-22C88239256B}.Debug|Any CPU.Build.0 = Debug|Any CPU
		{36AA4144-9478-4F73-8B54-22C88239256B}.Release|Any CPU.ActiveCfg = Release|Any CPU
		{36AA4144-9478-4F73-8B54-22C88239256B}.Release|Any CPU.Build.0 = Release|Any CPU
	EndGlobalSection
	GlobalSection(SolutionProperties) = preSolution
		HideSolutionNode = FALSE
	EndGlobalSection
	GlobalSection(ExtensibilityGlobals) = postSolution
		SolutionGuid = {DDB493B3-33AF-46A6-A6B7-22F5002742FB}
	EndGlobalSection
EndGlobal
